
Microsoft Visual Studio Solution File, Format Version 12.00
# Visual Studio Version 16
VisualStudioVersion = 16.0.30413.136
MinimumVisualStudioVersion = 10.0.40219.1
Project("{9A19103F-16F7-4668-BE54-9A1E7A4F7556}") = "WebApplication", "WebApplication\WebApplication.csproj", "{C8CD3E68-C631-45CE-9195-DA9BD6EEDC2D}"
EndProject
Project("{9A19103F-16F7-4668-BE54-9A1E7A4F7556}") = "Extension", "..\Source\Extension\Extension.csproj", "{96AACA27-BD30-46E2-9178-D8BD648D3944}"
EndProject
Project("{9A19103F-16F7-4668-BE54-9A1E7A4F7556}") = "Extension.Data.Abstractions", "..\Source\Extension.Data.Abstractions\Extension.Data.Abstractions.csproj", "{30F3D5AF-97F3-40DD-9ACC-CE68C2C976BA}"
EndProject
Project("{9A19103F-16F7-4668-BE54-9A1E7A4F7556}") = "Extension.Data.Entities", "..\Source\Extension.Data.Entities\Extension.Data.Entities.csproj", "{62FB713C-AC9A-425A-9827-3C2E3EF1400D}"
EndProject
Project("{9A19103F-16F7-4668-BE54-9A1E7A4F7556}") = "Extension.Data.EntityFramework", "..\Source\Extension.Data.EntityFramework\Extension.Data.EntityFramework.csproj", "{1C13C3C0-0D10-470E-B193-773E0EEB07CF}"
EndProject
Global
	GlobalSection(SolutionConfigurationPlatforms) = preSolution
		Debug|Any CPU = Debug|Any CPU
		Release|Any CPU = Release|Any CPU
	EndGlobalSection
	GlobalSection(ProjectConfigurationPlatforms) = postSolution
		{C8CD3E68-C631-45CE-9195-DA9BD6EEDC2D}.Debug|Any CPU.ActiveCfg = Debug|Any CPU
		{C8CD3E68-C631-45CE-9195-DA9BD6EEDC2D}.Debug|Any CPU.Build.0 = Debug|Any CPU
		{C8CD3E68-C631-45CE-9195-DA9BD6EEDC2D}.Release|Any CPU.ActiveCfg = Release|Any CPU
		{C8CD3E68-C631-45CE-9195-DA9BD6EEDC2D}.Release|Any CPU.Build.0 = Release|Any CPU
		{96AACA27-BD30-46E2-9178-D8BD648D3944}.Debug|Any CPU.ActiveCfg = Debug|Any CPU
		{96AACA27-BD30-46E2-9178-D8BD648D3944}.Debug|Any CPU.Build.0 = Debug|Any CPU
		{96AACA27-BD30-46E2-9178-D8BD648D3944}.Release|Any CPU.ActiveCfg = Release|Any CPU
		{96AACA27-BD30-46E2-9178-D8BD648D3944}.Release|Any CPU.Build.0 = Release|Any CPU
		{30F3D5AF-97F3-40DD-9ACC-CE68C2C976BA}.Debug|Any CPU.ActiveCfg = Debug|Any CPU
		{30F3D5AF-97F3-40DD-9ACC-CE68C2C976BA}.Debug|Any CPU.Build.0 = Debug|Any CPU
		{30F3D5AF-97F3-40DD-9ACC-CE68C2C976BA}.Release|Any CPU.ActiveCfg = Release|Any CPU
		{30F3D5AF-97F3-40DD-9ACC-CE68C2C976BA}.Release|Any CPU.Build.0 = Release|Any CPU
		{62FB713C-AC9A-425A-9827-3C2E3EF1400D}.Debug|Any CPU.ActiveCfg = Debug|Any CPU
		{62FB713C-AC9A-425A-9827-3C2E3EF1400D}.Debug|Any CPU.Build.0 = Debug|Any CPU
		{62FB713C-AC9A-425A-9827-3C2E3EF1400D}.Release|Any CPU.ActiveCfg = Release|Any CPU
		{62FB713C-AC9A-425A-9827-3C2E3EF1400D}.Release|Any CPU.Build.0 = Release|Any CPU
		{1C13C3C0-0D10-470E-B193-773E0EEB07CF}.Debug|Any CPU.ActiveCfg = Debug|Any CPU
		{1C13C3C0-0D10-470E-B193-773E0EEB07CF}.Debug|Any CPU.Build.0 = Debug|Any CPU
		{1C13C3C0-0D10-470E-B193-773E0EEB07CF}.Release|Any CPU.ActiveCfg = Release|Any CPU
		{1C13C3C0-0D10-470E-B193-773E0EEB07CF}.Release|Any CPU.Build.0 = Release|Any CPU
	EndGlobalSection
	GlobalSection(SolutionProperties) = preSolution
		HideSolutionNode = FALSE
	EndGlobalSection
	GlobalSection(ExtensibilityGlobals) = postSolution
		SolutionGuid = {6AAD4473-C830-4C2F-BAD4-EE044D88F2A3}
	EndGlobalSection
EndGlobal
